
Microsoft Visual Studio Solution File, Format Version 12.00
# Visual Studio Version 16
VisualStudioVersion = 16.0.31410.357
MinimumVisualStudioVersion = 10.0.40219.1
Project("{FAE04EC0-301F-11D3-BF4B-00C04F79EFBC}") = "NoteTester", "NoteTester\NoteTester.csproj", "{8E4FCCE1-D7EE-4E96-86AF-7EE03F74AB01}"
EndProject
Global
	GlobalSection(SolutionConfigurationPlatforms) = preSolution
		Debug|Any CPU = Debug|Any CPU
		Release|Any CPU = Release|Any CPU
	EndGlobalSection
	GlobalSection(ProjectConfigurationPlatforms) = postSolution
		{8E4FCCE1-D7EE-4E96-86AF-7EE03F74AB01}.Debug|Any CPU.ActiveCfg = Debug|Any CPU
		{8E4FCCE1-D7EE-4E96-86AF-7EE03F74AB01}.Debug|Any CPU.Build.0 = Debug|Any CPU
		{8E4FCCE1-D7EE-4E96-86AF-7EE03F74AB01}.Release|Any CPU.ActiveCfg = Release|Any CPU
		{8E4FCCE1-D7EE-4E96-86AF-7EE03F74AB01}.Release|Any CPU.Build.0 = Release|Any CPU
	EndGlobalSection
	GlobalSection(SolutionProperties) = preSolution
		HideSolutionNode = FALSE
	EndGlobalSection
	GlobalSection(ExtensibilityGlobals) = postSolution
		SolutionGuid = {953D3EFC-C88A-416B-83A6-396E6C588993}
	EndGlobalSection
EndGlobal
